
Microsoft Visual Studio Solution File, Format Version 12.00
# Visual Studio Version 16
VisualStudioVersion = 16.0.30621.155
MinimumVisualStudioVersion = 10.0.40219.1
Project("{9A19103F-16F7-4668-BE54-9A1E7A4F7556}") = "BookStore", "BookStore\BookStore.csproj", "{3C4F0879-4E2A-456A-9952-2E21C05E2DA6}"
EndProject
Project("{2150E333-8FDC-42A3-9474-1A3956D46DE8}") = "Solution Items", "Solution Items", "{BEBF05E3-4C30-4A40-9F38-BAB45FFD5BD8}"
	ProjectSection(SolutionItems) = preProject
		SqlQuery_1.sql = SqlQuery_1.sql
	EndProjectSection
EndProject
Project("{FAE04EC0-301F-11D3-BF4B-00C04F79EFBC}") = "Classes", "Autor\Classes.csproj", "{DF4AD6BC-7731-430E-A59F-C5C395D979FC}"
EndProject
Global
	GlobalSection(SolutionConfigurationPlatforms) = preSolution
		Debug|Any CPU = Debug|Any CPU
		Release|Any CPU = Release|Any CPU
	EndGlobalSection
	GlobalSection(ProjectConfigurationPlatforms) = postSolution
		{3C4F0879-4E2A-456A-9952-2E21C05E2DA6}.Debug|Any CPU.ActiveCfg = Debug|Any CPU
		{3C4F0879-4E2A-456A-9952-2E21C05E2DA6}.Debug|Any CPU.Build.0 = Debug|Any CPU
		{3C4F0879-4E2A-456A-9952-2E21C05E2DA6}.Release|Any CPU.ActiveCfg = Release|Any CPU
		{3C4F0879-4E2A-456A-9952-2E21C05E2DA6}.Release|Any CPU.Build.0 = Release|Any CPU
		{DF4AD6BC-7731-430E-A59F-C5C395D979FC}.Debug|Any CPU.ActiveCfg = Debug|Any CPU
		{DF4AD6BC-7731-430E-A59F-C5C395D979FC}.Debug|Any CPU.Build.0 = Debug|Any CPU
		{DF4AD6BC-7731-430E-A59F-C5C395D979FC}.Release|Any CPU.ActiveCfg = Release|Any CPU
		{DF4AD6BC-7731-430E-A59F-C5C395D979FC}.Release|Any CPU.Build.0 = Release|Any CPU
	EndGlobalSection
	GlobalSection(SolutionProperties) = preSolution
		HideSolutionNode = FALSE
	EndGlobalSection
	GlobalSection(ExtensibilityGlobals) = postSolution
		SolutionGuid = {A631C228-0C1B-4F0B-8C61-8AA14D340CAD}
	EndGlobalSection
EndGlobal
